
Microsoft Visual Studio Solution File, Format Version 12.00
# Visual Studio Version 17
VisualStudioVersion = 17.14.36414.22 d17.14
MinimumVisualStudioVersion = 10.0.40219.1
Project("{FAE04EC0-301F-11D3-BF4B-00C04F79EFBC}") = "Quiz", "Quiz\Quiz.csproj", "{5EACF9F3-1890-4A81-BBA7-0579FBD5765D}"
EndProject
Global
	GlobalSection(SolutionConfigurationPlatforms) = preSolution
		Debug|Any CPU = Debug|Any CPU
		Release|Any CPU = Release|Any CPU
	EndGlobalSection
	GlobalSection(ProjectConfigurationPlatforms) = postSolution
		{5EACF9F3-1890-4A81-BBA7-0579FBD5765D}.Debug|Any CPU.ActiveCfg = Debug|Any CPU
		{5EACF9F3-1890-4A81-BBA7-0579FBD5765D}.Debug|Any CPU.Build.0 = Debug|Any CPU
		{5EACF9F3-1890-4A81-BBA7-0579FBD5765D}.Release|Any CPU.ActiveCfg = Release|Any CPU
		{5EACF9F3-1890-4A81-BBA7-0579FBD5765D}.Release|Any CPU.Build.0 = Release|Any CPU
	EndGlobalSection
	GlobalSection(SolutionProperties) = preSolution
		HideSolutionNode = FALSE
	EndGlobalSection
	GlobalSection(ExtensibilityGlobals) = postSolution
		SolutionGuid = {C6194B3D-7923-4821-9B23-C9955D38248A}
	EndGlobalSection
EndGlobal
